// !$*UTF8*$!
{
	archiveVersion = 1;
	classes = {
	};
	objectVersion = 56;
	objects = {

/* Begin PBXBuildFile section */
		6591610E2A865C0E00E76354 /* DiceRollApp.swift in Sources */ = {isa = PBXBuildFile; fileRef = 6591610D2A865C0E00E76354 /* DiceRollApp.swift */; };
		659161102A865C0E00E76354 /* ContentView.swift in Sources */ = {isa = PBXBuildFile; fileRef = 6591610F2A865C0E00E76354 /* ContentView.swift */; };
		659161122A865C1000E76354 /* Assets.xcassets in Resources */ = {isa = PBXBuildFile; fileRef = 659161112A865C1000E76354 /* Assets.xcassets */; };
		659161152A865C1000E76354 /* Preview Assets.xcassets in Resources */ = {isa = PBXBuildFile; fileRef = 659161142A865C1000E76354 /* Preview Assets.xcassets */; };
		6591611F2A865C1000E76354 /* DiceRollTests.swift in Sources */ = {isa = PBXBuildFile; fileRef = 6591611E2A865C1000E76354 /* DiceRollTests.swift */; };
		659161292A865C1000E76354 /* DiceRollUITests.swift in Sources */ = {isa = PBXBuildFile; fileRef = 659161282A865C1000E76354 /* DiceRollUITests.swift */; };
		6591612B2A865C1000E76354 /* DiceRollUITestsLaunchTests.swift in Sources */ = {isa = PBXBuildFile; fileRef = 6591612A2A865C1000E76354 /* DiceRollUITestsLaunchTests.swift */; };
		659161382A86713600E76354 /* FileManager-DocumentsDirectory.swift in Sources */ = {isa = PBXBuildFile; fileRef = 659161372A86713600E76354 /* FileManager-DocumentsDirectory.swift */; };
		6591613A2A86796C00E76354 /* NumberResult.swift in Sources */ = {isa = PBXBuildFile; fileRef = 659161392A86796C00E76354 /* NumberResult.swift */; };
/* End PBXBuildFile section */

/* Begin PBXContainerItemProxy section */
		6591611B2A865C1000E76354 /* PBXContainerItemProxy */ = {
			isa = PBXContainerItemProxy;
			containerPortal = 659161022A865C0E00E76354 /* Project object */;
			proxyType = 1;
			remoteGlobalIDString = 659161092A865C0E00E76354;
			remoteInfo = DiceRoll;
		};
		659161252A865C1000E76354 /* PBXContainerItemProxy */ = {
			isa = PBXContainerItemProxy;
			containerPortal = 659161022A865C0E00E76354 /* Project object */;
			proxyType = 1;
			remoteGlobalIDString = 659161092A865C0E00E76354;
			remoteInfo = DiceRoll;
		};
/* End PBXContainerItemProxy section */

/* Begin PBXFileReference section */
		6591610A2A865C0E00E76354 /* DiceRoll.app */ = {isa = PBXFileReference; explicitFileType = wrapper.application; includeInIndex = 0; path = DiceRoll.app; sourceTree = BUILT_PRODUCTS_DIR; };
		6591610D2A865C0E00E76354 /* DiceRollApp.swift */ = {isa = PBXFileReference; lastKnownFileType = sourcecode.swift; path = DiceRollApp.swift; sourceTree = "<group>"; };
		6591610F2A865C0E00E76354 /* ContentView.swift */ = {isa = PBXFileReference; lastKnownFileType = sourcecode.swift; path = ContentView.swift; sourceTree = "<group>"; };
		659161112A865C1000E76354 /* Assets.xcassets */ = {isa = PBXFileReference; lastKnownFileType = folder.assetcatalog; path = Assets.xcassets; sourceTree = "<group>"; };
		659161142A865C1000E76354 /* Preview Assets.xcassets */ = {isa = PBXFileReference; lastKnownFileType = folder.assetcatalog; path = "Preview Assets.xcassets"; sourceTree = "<group>"; };
		6591611A2A865C1000E76354 /* DiceRollTests.xctest */ = {isa = PBXFileReference; explicitFileType = wrapper.cfbundle; includeInIndex = 0; path = DiceRollTests.xctest; sourceTree = BUILT_PRODUCTS_DIR; };
		6591611E2A865C1000E76354 /* DiceRollTests.swift */ = {isa = PBXFileReference; lastKnownFileType = sourcecode.swift; path = DiceRollTests.swift; sourceTree = "<group>"; };
		659161242A865C1000E76354 /* DiceRollUITests.xctest */ = {isa = PBXFileReference; explicitFileType = wrapper.cfbundle; includeInIndex = 0; path = DiceRollUITests.xctest; sourceTree = BUILT_PRODUCTS_DIR; };
		659161282A865C1000E76354 /* DiceRollUITests.swift */ = {isa = PBXFileReference; lastKnownFileType = sourcecode.swift; path = DiceRollUITests.swift; sourceTree = "<group>"; };
		6591612A2A865C1000E76354 /* DiceRollUITestsLaunchTests.swift */ = {isa = PBXFileReference; lastKnownFileType = sourcecode.swift; path = DiceRollUITestsLaunchTests.swift; sourceTree = "<group>"; };
		659161372A86713600E76354 /* FileManager-DocumentsDirectory.swift */ = {isa = PBXFileReference; lastKnownFileType = sourcecode.swift; path = "FileManager-DocumentsDirectory.swift"; sourceTree = "<group>"; };
		659161392A86796C00E76354 /* NumberResult.swift */ = {isa = PBXFileReference; lastKnownFileType = sourcecode.swift; path = NumberResult.swift; sourceTree = "<group>"; };
/* End PBXFileReference section */

/* Begin PBXFrameworksBuildPhase section */
		659161072A865C0E00E76354 /* Frameworks */ = {
			isa = PBXFrameworksBuildPhase;
			buildActionMask = 2147483647;
			files = (
			);
			runOnlyForDeploymentPostprocessing = 0;
		};
		659161172A865C1000E76354 /* Frameworks */ = {
			isa = PBXFrameworksBuildPhase;
			buildActionMask = 2147483647;
			files = (
			);
			runOnlyForDeploymentPostprocessing = 0;
		};
		659161212A865C1000E76354 /* Frameworks */ = {
			isa = PBXFrameworksBuildPhase;
			buildActionMask = 2147483647;
			files = (
			);
			runOnlyForDeploymentPostprocessing = 0;
		};
/* End PBXFrameworksBuildPhase section */

/* Begin PBXGroup section */
		659161012A865C0E00E76354 = {
			isa = PBXGroup;
			children = (
				6591610C2A865C0E00E76354 /* DiceRoll */,
				6591611D2A865C1000E76354 /* DiceRollTests */,
				659161272A865C1000E76354 /* DiceRollUITests */,
				6591610B2A865C0E00E76354 /* Products */,
			);
			sourceTree = "<group>";
		};
		6591610B2A865C0E00E76354 /* Products */ = {
			isa = PBXGroup;
			children = (
				6591610A2A865C0E00E76354 /* DiceRoll.app */,
				6591611A2A865C1000E76354 /* DiceRollTests.xctest */,
				659161242A865C1000E76354 /* DiceRollUITests.xctest */,
			);
			name = Products;
			sourceTree = "<group>";
		};
		6591610C2A865C0E00E76354 /* DiceRoll */ = {
			isa = PBXGroup;
			children = (
				6591610D2A865C0E00E76354 /* DiceRollApp.swift */,
				6591610F2A865C0E00E76354 /* ContentView.swift */,
				659161392A86796C00E76354 /* NumberResult.swift */,
				659161372A86713600E76354 /* FileManager-DocumentsDirectory.swift */,
				659161112A865C1000E76354 /* Assets.xcassets */,
				659161132A865C1000E76354 /* Preview Content */,
			);
			path = DiceRoll;
			sourceTree = "<group>";
		};
		659161132A865C1000E76354 /* Preview Content */ = {
			isa = PBXGroup;
			children = (
				659161142A865C1000E76354 /* Preview Assets.xcassets */,
			);
			path = "Preview Content";
			sourceTree = "<group>";
		};
		6591611D2A865C1000E76354 /* DiceRollTests */ = {
			isa = PBXGroup;
			children = (
				6591611E2A865C1000E76354 /* DiceRollTests.swift */,
			);
			path = DiceRollTests;
			sourceTree = "<group>";
		};
		659161272A865C1000E76354 /* DiceRollUITests */ = {
			isa = PBXGroup;
			children = (
				659161282A865C1000E76354 /* DiceRollUITests.swift */,
				6591612A2A865C1000E76354 /* DiceRollUITestsLaunchTests.swift */,
			);
			path = DiceRollUITests;
			sourceTree = "<group>";
		};
/* End PBXGroup section */

/* Begin PBXNativeTarget section */
		659161092A865C0E00E76354 /* DiceRoll */ = {
			isa = PBXNativeTarget;
			buildConfigurationList = 6591612E2A865C1000E76354 /* Build configuration list for PBXNativeTarget "DiceRoll" */;
			buildPhases = (
				659161062A865C0E00E76354 /* Sources */,
				659161072A865C0E00E76354 /* Frameworks */,
				659161082A865C0E00E76354 /* Resources */,
			);
			buildRules = (
			);
			dependencies = (
			);
			name = DiceRoll;
			productName = DiceRoll;
			productReference = 6591610A2A865C0E00E76354 /* DiceRoll.app */;
			productType = "com.apple.product-type.application";
		};
		659161192A865C1000E76354 /* DiceRollTests */ = {
			isa = PBXNativeTarget;
			buildConfigurationList = 659161312A865C1000E76354 /* Build configuration list for PBXNativeTarget "DiceRollTests" */;
			buildPhases = (
				659161162A865C1000E76354 /* Sources */,
				659161172A865C1000E76354 /* Frameworks */,
				659161182A865C1000E76354 /* Resources */,
			);
			buildRules = (
			);
			dependencies = (
				6591611C2A865C1000E76354 /* PBXTargetDependency */,
			);
			name = DiceRollTests;
			productName = DiceRollTests;
			productReference = 6591611A2A865C1000E76354 /* DiceRollTests.xctest */;
			productType = "com.apple.product-type.bundle.unit-test";
		};
		659161232A865C1000E76354 /* DiceRollUITests */ = {
			isa = PBXNativeTarget;
			buildConfigurationList = 659161342A865C1000E76354 /* Build configuration list for PBXNativeTarget "DiceRollUITests" */;
			buildPhases = (
				659161202A865C1000E76354 /* Sources */,
				659161212A865C1000E76354 /* Frameworks */,
				659161222A865C1000E76354 /* Resources */,
			);
			buildRules = (
			);
			dependencies = (
				659161262A865C1000E76354 /* PBXTargetDependency */,
			);
			name = DiceRollUITests;
			productName = DiceRollUITests;
			productReference = 659161242A865C1000E76354 /* DiceRollUITests.xctest */;
			productType = "com.apple.product-type.bundle.ui-testing";
		};
/* End PBXNativeTarget section */

/* Begin PBXProject section */
		659161022A865C0E00E76354 /* Project object */ = {
			isa = PBXProject;
			attributes = {
				BuildIndependentTargetsInParallel = 1;
				LastSwiftUpdateCheck = 1430;
				LastUpgradeCheck = 1430;
				TargetAttributes = {
					659161092A865C0E00E76354 = {
						CreatedOnToolsVersion = 14.3.1;
					};
					659161192A865C1000E76354 = {
						CreatedOnToolsVersion = 14.3.1;
						TestTargetID = 659161092A865C0E00E76354;
					};
					659161232A865C1000E76354 = {
						CreatedOnToolsVersion = 14.3.1;
						TestTargetID = 659161092A865C0E00E76354;
					};
				};
			};
			buildConfigurationList = 659161052A865C0E00E76354 /* Build configuration list for PBXProject "DiceRoll" */;
			compatibilityVersion = "Xcode 14.0";
			developmentRegion = en;
			hasScannedForEncodings = 0;
			knownRegions = (
				en,
				Base,
			);
			mainGroup = 659161012A865C0E00E76354;
			productRefGroup = 6591610B2A865C0E00E76354 /* Products */;
			projectDirPath = "";
			projectRoot = "";
			targets = (
				659161092A865C0E00E76354 /* DiceRoll */,
				659161192A865C1000E76354 /* DiceRollTests */,
				659161232A865C1000E76354 /* DiceRollUITests */,
			);
		};
/* End PBXProject section */

/* Begin PBXResourcesBuildPhase section */
		659161082A865C0E00E76354 /* Resources */ = {
			isa = PBXResourcesBuildPhase;
			buildActionMask = 2147483647;
			files = (
				659161152A865C1000E76354 /* Preview Assets.xcassets in Resources */,
				659161122A865C1000E76354 /* Assets.xcassets in Resources */,
			);
			runOnlyForDeploymentPostprocessing = 0;
		};
		659161182A865C1000E76354 /* Resources */ = {
			isa = PBXResourcesBuildPhase;
			buildActionMask = 2147483647;
			files = (
			);
			runOnlyForDeploymentPostprocessing = 0;
		};
		659161222A865C1000E76354 /* Resources */ = {
			isa = PBXResourcesBuildPhase;
			buildActionMask = 2147483647;
			files = (
			);
			runOnlyForDeploymentPostprocessing = 0;
		};
/* End PBXResourcesBuildPhase section */

/* Begin PBXSourcesBuildPhase section */
		659161062A865C0E00E76354 /* Sources */ = {
			isa = PBXSourcesBuildPhase;
			buildActionMask = 2147483647;
			files = (
				659161382A86713600E76354 /* FileManager-DocumentsDirectory.swift in Sources */,
				6591613A2A86796C00E76354 /* NumberResult.swift in Sources */,
				659161102A865C0E00E76354 /* ContentView.swift in Sources */,
				6591610E2A865C0E00E76354 /* DiceRollApp.swift in Sources */,
			);
			runOnlyForDeploymentPostprocessing = 0;
		};
		659161162A865C1000E76354 /* Sources */ = {
			isa = PBXSourcesBuildPhase;
			buildActionMask = 2147483647;
			files = (
				6591611F2A865C1000E76354 /* DiceRollTests.swift in Sources */,
			);
			runOnlyForDeploymentPostprocessing = 0;
		};
		659161202A865C1000E76354 /* Sources */ = {
			isa = PBXSourcesBuildPhase;
			buildActionMask = 2147483647;
			files = (
				6591612B2A865C1000E76354 /* DiceRollUITestsLaunchTests.swift in Sources */,
				659161292A865C1000E76354 /* DiceRollUITests.swift in Sources */,
			);
			runOnlyForDeploymentPostprocessing = 0;
		};
/* End PBXSourcesBuildPhase section */

/* Begin PBXTargetDependency section */
		6591611C2A865C1000E76354 /* PBXTargetDependency */ = {
			isa = PBXTargetDependency;
			target = 659161092A865C0E00E76354 /* DiceRoll */;
			targetProxy = 6591611B2A865C1000E76354 /* PBXContainerItemProxy */;
		};
		659161262A865C1000E76354 /* PBXTargetDependency */ = {
			isa = PBXTargetDependency;
			target = 659161092A865C0E00E76354 /* DiceRoll */;
			targetProxy = 659161252A865C1000E76354 /* PBXContainerItemProxy */;
		};
/* End PBXTargetDependency section */

/* Begin XCBuildConfiguration section */
		6591612C2A865C1000E76354 /* Debug */ = {
			isa = XCBuildConfiguration;
			buildSettings = {
				ALWAYS_SEARCH_USER_PATHS = NO;
				CLANG_ANALYZER_NONNULL = YES;
				CLANG_ANALYZER_NUMBER_OBJECT_CONVERSION = YES_AGGRESSIVE;
				CLANG_CXX_LANGUAGE_STANDARD = "gnu++20";
				CLANG_ENABLE_MODULES = YES;
				CLANG_ENABLE_OBJC_ARC = YES;
				CLANG_ENABLE_OBJC_WEAK = YES;
				CLANG_WARN_BLOCK_CAPTURE_AUTORELEASING = YES;
				CLANG_WARN_BOOL_CONVERSION = YES;
				CLANG_WARN_COMMA = YES;
				CLANG_WARN_CONSTANT_CONVERSION = YES;
				CLANG_WARN_DEPRECATED_OBJC_IMPLEMENTATIONS = YES;
				CLANG_WARN_DIRECT_OBJC_ISA_USAGE = YES_ERROR;
				CLANG_WARN_DOCUMENTATION_COMMENTS = YES;
				CLANG_WARN_EMPTY_BODY = YES;
				CLANG_WARN_ENUM_CONVERSION = YES;
				CLANG_WARN_INFINITE_RECURSION = YES;
				CLANG_WARN_INT_CONVERSION = YES;
				CLANG_WARN_NON_LITERAL_NULL_CONVERSION = YES;
				CLANG_WARN_OBJC_IMPLICIT_RETAIN_SELF = YES;
				CLANG_WARN_OBJC_LITERAL_CONVERSION = YES;
				CLANG_WARN_OBJC_ROOT_CLASS = YES_ERROR;
				CLANG_WARN_QUOTED_INCLUDE_IN_FRAMEWORK_HEADER = YES;
				CLANG_WARN_RANGE_LOOP_ANALYSIS = YES;
				CLANG_WARN_STRICT_PROTOTYPES = YES;
				CLANG_WARN_SUSPICIOUS_MOVE = YES;
				CLANG_WARN_UNGUARDED_AVAILABILITY = YES_AGGRESSIVE;
				CLANG_WARN_UNREACHABLE_CODE = YES;
				CLANG_WARN__DUPLICATE_METHOD_MATCH = YES;
				COPY_PHASE_STRIP = NO;
				DEBUG_INFORMATION_FORMAT = dwarf;
				ENABLE_STRICT_OBJC_MSGSEND = YES;
				ENABLE_TESTABILITY = YES;
				GCC_C_LANGUAGE_STANDARD = gnu11;
				GCC_DYNAMIC_NO_PIC = NO;
				GCC_NO_COMMON_BLOCKS = YES;
				GCC_OPTIMIZATION_LEVEL = 0;
				GCC_PREPROCESSOR_DEFINITIONS = (
					"DEBUG=1",
					"$(inherited)",
				);
				GCC_WARN_64_TO_32_BIT_CONVERSION = YES;
				GCC_WARN_ABOUT_RETURN_TYPE = YES_ERROR;
				GCC_WARN_UNDECLARED_SELECTOR = YES;
				GCC_WARN_UNINITIALIZED_AUTOS = YES_AGGRESSIVE;
				GCC_WARN_UNUSED_FUNCTION = YES;
				GCC_WARN_UNUSED_VARIABLE = YES;
				IPHONEOS_DEPLOYMENT_TARGET = 16.4;
				MTL_ENABLE_DEBUG_INFO = INCLUDE_SOURCE;
				MTL_FAST_MATH = YES;
				ONLY_ACTIVE_ARCH = YES;
				SDKROOT = iphoneos;
				SWIFT_ACTIVE_COMPILATION_CONDITIONS = DEBUG;
				SWIFT_OPTIMIZATION_LEVEL = "-Onone";
			};
			name = Debug;
		};
		6591612D2A865C1000E76354 /* Release */ = {
			isa = XCBuildConfiguration;
			buildSettings = {
				ALWAYS_SEARCH_USER_PATHS = NO;
				CLANG_ANALYZER_NONNULL = YES;
				CLANG_ANALYZER_NUMBER_OBJECT_CONVERSION = YES_AGGRESSIVE;
				CLANG_CXX_LANGUAGE_STANDARD = "gnu++20";
				CLANG_ENABLE_MODULES = YES;
				CLANG_ENABLE_OBJC_ARC = YES;
				CLANG_ENABLE_OBJC_WEAK = YES;
				CLANG_WARN_BLOCK_CAPTURE_AUTORELEASING = YES;
				CLANG_WARN_BOOL_CONVERSION = YES;
				CLANG_WARN_COMMA = YES;
				CLANG_WARN_CONSTANT_CONVERSION = YES;
				CLANG_WARN_DEPRECATED_OBJC_IMPLEMENTATIONS = YES;
				CLANG_WARN_DIRECT_OBJC_ISA_USAGE = YES_ERROR;
				CLANG_WARN_DOCUMENTATION_COMMENTS = YES;
				CLANG_WARN_EMPTY_BODY = YES;
				CLANG_WARN_ENUM_CONVERSION = YES;
				CLANG_WARN_INFINITE_RECURSION = YES;
				CLANG_WARN_INT_CONVERSION = YES;
				CLANG_WARN_NON_LITERAL_NULL_CONVERSION = YES;
				CLANG_WARN_OBJC_IMPLICIT_RETAIN_SELF = YES;
				CLANG_WARN_OBJC_LITERAL_CONVERSION = YES;
				CLANG_WARN_OBJC_ROOT_CLASS = YES_ERROR;
				CLANG_WARN_QUOTED_INCLUDE_IN_FRAMEWORK_HEADER = YES;
				CLANG_WARN_RANGE_LOOP_ANALYSIS = YES;
				CLANG_WARN_STRICT_PROTOTYPES = YES;
				CLANG_WARN_SUSPICIOUS_MOVE = YES;
				CLANG_WARN_UNGUARDED_AVAILABILITY = YES_AGGRESSIVE;
				CLANG_WARN_UNREACHABLE_CODE = YES;
				CLANG_WARN__DUPLICATE_METHOD_MATCH = YES;
				COPY_PHASE_STRIP = NO;
				DEBUG_INFORMATION_FORMAT = "dwarf-with-dsym";
				ENABLE_NS_ASSERTIONS = NO;
				ENABLE_STRICT_OBJC_MSGSEND = YES;
				GCC_C_LANGUAGE_STANDARD = gnu11;
				GCC_NO_COMMON_BLOCKS = YES;
				GCC_WARN_64_TO_32_BIT_CONVERSION = YES;
				GCC_WARN_ABOUT_RETURN_TYPE = YES_ERROR;
				GCC_WARN_UNDECLARED_SELECTOR = YES;
				GCC_WARN_UNINITIALIZED_AUTOS = YES_AGGRESSIVE;
				GCC_WARN_UNUSED_FUNCTION = YES;
				GCC_WARN_UNUSED_VARIABLE = YES;
				IPHONEOS_DEPLOYMENT_TARGET = 16.4;
				MTL_ENABLE_DEBUG_INFO = NO;
				MTL_FAST_MATH = YES;
				SDKROOT = iphoneos;
				SWIFT_COMPILATION_MODE = wholemodule;
				SWIFT_OPTIMIZATION_LEVEL = "-O";
				VALIDATE_PRODUCT = YES;
			};
			name = Release;
		};
		6591612F2A865C1000E76354 /* Debug */ = {
			isa = XCBuildConfiguration;
			buildSettings = {
				ASSETCATALOG_COMPILER_APPICON_NAME = AppIcon;
				ASSETCATALOG_COMPILER_GLOBAL_ACCENT_COLOR_NAME = AccentColor;
				CODE_SIGN_STYLE = Automatic;
				CURRENT_PROJECT_VERSION = 1;
				DEVELOPMENT_ASSET_PATHS = "\"DiceRoll/Preview Content\"";
				DEVELOPMENT_TEAM = 9MCN5686MN;
				ENABLE_PREVIEWS = YES;
				GENERATE_INFOPLIST_FILE = YES;
				INFOPLIST_KEY_UIApplicationSceneManifest_Generation = YES;
				INFOPLIST_KEY_UIApplicationSupportsIndirectInputEvents = YES;
				INFOPLIST_KEY_UILaunchScreen_Generation = YES;
				INFOPLIST_KEY_UISupportedInterfaceOrientations_iPad = "UIInterfaceOrientationPortrait UIInterfaceOrientationPortraitUpsideDown UIInterfaceOrientationLandscapeLeft UIInterfaceOrientationLandscapeRight";
				INFOPLIST_KEY_UISupportedInterfaceOrientations_iPhone = "UIInterfaceOrientationPortrait UIInterfaceOrientationLandscapeLeft UIInterfaceOrientationLandscapeRight";
				LD_RUNPATH_SEARCH_PATHS = (
					"$(inherited)",
					"@executable_path/Frameworks",
				);
				MARKETING_VERSION = 1.0;
				PRODUCT_BUNDLE_IDENTIFIER = com.yugasamuel.DiceRoll;
				PRODUCT_NAME = "$(TARGET_NAME)";
				SWIFT_EMIT_LOC_STRINGS = YES;
				SWIFT_VERSION = 5.0;
				TARGETED_DEVICE_FAMILY = "1,2";
			};
			name = Debug;
		};
		659161302A865C1000E76354 /* Release */ = {
			isa = XCBuildConfiguration;
			buildSettings = {
				ASSETCATALOG_COMPILER_APPICON_NAME = AppIcon;
				ASSETCATALOG_COMPILER_GLOBAL_ACCENT_COLOR_NAME = AccentColor;
				CODE_SIGN_STYLE = Automatic;
				CURRENT_PROJECT_VERSION = 1;
				DEVELOPMENT_ASSET_PATHS = "\"DiceRoll/Preview Content\"";
				DEVELOPMENT_TEAM = 9MCN5686MN;
				ENABLE_PREVIEWS = YES;
				GENERATE_INFOPLIST_FILE = YES;
				INFOPLIST_KEY_UIApplicationSceneManifest_Generation = YES;
				INFOPLIST_KEY_UIApplicationSupportsIndirectInputEvents = YES;
				INFOPLIST_KEY_UILaunchScreen_Generation = YES;
				INFOPLIST_KEY_UISupportedInterfaceOrientations_iPad = "UIInterfaceOrientationPortrait UIInterfaceOrientationPortraitUpsideDown UIInterfaceOrientationLandscapeLeft UIInterfaceOrientationLandscapeRight";
				INFOPLIST_KEY_UISupportedInterfaceOrientations_iPhone = "UIInterfaceOrientationPortrait UIInterfaceOrientationLandscapeLeft UIInterfaceOrientationLandscapeRight";
				LD_RUNPATH_SEARCH_PATHS = (
					"$(inherited)",
					"@executable_path/Frameworks",
				);
				MARKETING_VERSION = 1.0;
				PRODUCT_BUNDLE_IDENTIFIER = com.yugasamuel.DiceRoll;
				PRODUCT_NAME = "$(TARGET_NAME)";
				SWIFT_EMIT_LOC_STRINGS = YES;
				SWIFT_VERSION = 5.0;
				TARGETED_DEVICE_FAMILY = "1,2";
			};
			name = Release;
		};
		659161322A865C1000E76354 /* Debug */ = {
			isa = XCBuildConfiguration;
			buildSettings = {
				ALWAYS_EMBED_SWIFT_STANDARD_LIBRARIES = YES;
				BUNDLE_LOADER = "$(TEST_HOST)";
				CODE_SIGN_STYLE = Automatic;
				CURRENT_PROJECT_VERSION = 1;
				DEVELOPMENT_TEAM = 9MCN5686MN;
				GENERATE_INFOPLIST_FILE = YES;
				IPHONEOS_DEPLOYMENT_TARGET = 16.4;
				MARKETING_VERSION = 1.0;
				PRODUCT_BUNDLE_IDENTIFIER = com.yugasamuel.DiceRollTests;
				PRODUCT_NAME = "$(TARGET_NAME)";
				SWIFT_EMIT_LOC_STRINGS = NO;
				SWIFT_VERSION = 5.0;
				TARGETED_DEVICE_FAMILY = "1,2";
				TEST_HOST = "$(BUILT_PRODUCTS_DIR)/DiceRoll.app/$(BUNDLE_EXECUTABLE_FOLDER_PATH)/DiceRoll";
			};
			name = Debug;
		};
		659161332A865C1000E76354 /* Release */ = {
			isa = XCBuildConfiguration;
			buildSettings = {
				ALWAYS_EMBED_SWIFT_STANDARD_LIBRARIES = YES;
				BUNDLE_LOADER = "$(TEST_HOST)";
				CODE_SIGN_STYLE = Automatic;
				CURRENT_PROJECT_VERSION = 1;
				DEVELOPMENT_TEAM = 9MCN5686MN;
				GENERATE_INFOPLIST_FILE = YES;
				IPHONEOS_DEPLOYMENT_TARGET = 16.4;
				MARKETING_VERSION = 1.0;
				PRODUCT_BUNDLE_IDENTIFIER = com.yugasamuel.DiceRollTests;
				PRODUCT_NAME = "$(TARGET_NAME)";
				SWIFT_EMIT_LOC_STRINGS = NO;
				SWIFT_VERSION = 5.0;
				TARGETED_DEVICE_FAMILY = "1,2";
				TEST_HOST = "$(BUILT_PRODUCTS_DIR)/DiceRoll.app/$(BUNDLE_EXECUTABLE_FOLDER_PATH)/DiceRoll";
			};
			name = Release;
		};
		659161352A865C1000E76354 /* Debug */ = {
			isa = XCBuildConfiguration;
			buildSettings = {
				ALWAYS_EMBED_SWIFT_STANDARD_LIBRARIES = YES;
				CODE_SIGN_STYLE = Automatic;
				CURRENT_PROJECT_VERSION = 1;
				DEVELOPMENT_TEAM = 9MCN5686MN;
				GENERATE_INFOPLIST_FILE = YES;
				MARKETING_VERSION = 1.0;
				PRODUCT_BUNDLE_IDENTIFIER = com.yugasamuel.DiceRollUITests;
				PRODUCT_NAME = "$(TARGET_NAME)";
				SWIFT_EMIT_LOC_STRINGS = NO;
				SWIFT_VERSION = 5.0;
				TARGETED_DEVICE_FAMILY = "1,2";
				TEST_TARGET_NAME = DiceRoll;
			};
			name = Debug;
		};
		659161362A865C1000E76354 /* Release */ = {
			isa = XCBuildConfiguration;
			buildSettings = {
				ALWAYS_EMBED_SWIFT_STANDARD_LIBRARIES = YES;
				CODE_SIGN_STYLE = Automatic;
				CURRENT_PROJECT_VERSION = 1;
				DEVELOPMENT_TEAM = 9MCN5686MN;
				GENERATE_INFOPLIST_FILE = YES;
				MARKETING_VERSION = 1.0;
				PRODUCT_BUNDLE_IDENTIFIER = com.yugasamuel.DiceRollUITests;
				PRODUCT_NAME = "$(TARGET_NAME)";
				SWIFT_EMIT_LOC_STRINGS = NO;
				SWIFT_VERSION = 5.0;
				TARGETED_DEVICE_FAMILY = "1,2";
				TEST_TARGET_NAME = DiceRoll;
			};
			name = Release;
		};
/* End XCBuildConfiguration section */

/* Begin XCConfigurationList section */
		659161052A865C0E00E76354 /* Build configuration list for PBXProject "DiceRoll" */ = {
			isa = XCConfigurationList;
			buildConfigurations = (
				6591612C2A865C1000E76354 /* Debug */,
				6591612D2A865C1000E76354 /* Release */,
			);
			defaultConfigurationIsVisible = 0;
			defaultConfigurationName = Release;
		};
		6591612E2A865C1000E76354 /* Build configuration list for PBXNativeTarget "DiceRoll" */ = {
			isa = XCConfigurationList;
			buildConfigurations = (
				6591612F2A865C1000E76354 /* Debug */,
				659161302A865C1000E76354 /* Release */,
			);
			defaultConfigurationIsVisible = 0;
			defaultConfigurationName = Release;
		};
		659161312A865C1000E76354 /* Build configuration list for PBXNativeTarget "DiceRollTests" */ = {
			isa = XCConfigurationList;
			buildConfigurations = (
				659161322A865C1000E76354 /* Debug */,
				659161332A865C1000E76354 /* Release */,
			);
			defaultConfigurationIsVisible = 0;
			defaultConfigurationName = Release;
		};
		659161342A865C1000E76354 /* Build configuration list for PBXNativeTarget "DiceRollUITests" */ = {
			isa = XCConfigurationList;
			buildConfigurations = (
				659161352A865C1000E76354 /* Debug */,
				659161362A865C1000E76354 /* Release */,
			);
			defaultConfigurationIsVisible = 0;
			defaultConfigurationName = Release;
		};
/* End XCConfigurationList section */
	};
	rootObject = 659161022A865C0E00E76354 /* Project object */;
}
